{
  "requires": true,
  "lockfileVersion": 1,
  "dependencies": {
    "@types/node": {
      "version": "14.14.10",
      "resolved": "https://registry.npmjs.org/@types/node/-/node-14.14.10.tgz",
      "integrity": "sha512-J32dgx2hw8vXrSbu4ZlVhn1Nm3GbeCFNw2FWL8S5QKucHGY0cyNwjdQdO+KMBZ4wpmC7KhLCiNsdk1RFRIYUQQ=="
    },
    "animated-scroll-to": {
      "version": "2.0.12",
      "resolved": "https://registry.npmjs.org/animated-scroll-to/-/animated-scroll-to-2.0.12.tgz",
      "integrity": "sha512-08TlNWa0Os38ShzScfrlV7c4w3QCZWUG+jhrx2ojMmI8apR8o3C1RwLxEaSKyu8RmcJvU89z3HcKObbAdHMHGQ==",
      "requires": {
        "@types/node": "^14.11.10"
      }
    }
  }
}
